PODS:
  - Action (2.2.2):
    - RxCocoa (~> 3.0)
    - RxSwift (~> 3.0)
  - NSObject+Rx (2.1.0):
    - RxSwift
  - Realm (2.6.2):
    - Realm/Headers (= 2.6.2)
  - Realm/Headers (2.6.2)
  - RealmSwift (2.6.2):
    - Realm (= 2.6.2)
  - RxCocoa (3.4.0):
    - RxSwift (~> 3.4)
  - RxDataSources (1.0.3):
    - RxCocoa (~> 3.0)
    - RxSwift (~> 3.0)
  - RxRealm (0.5.2):
    - RealmSwift (~> 2.4)
    - RxSwift (~> 3.1)
  - RxSwift (3.4.0)
  - SwiftyJSON (3.1.4)
  - Then (2.1.0)
  - Unbox (2.4.0)

DEPENDENCIES:
  - Action (~> 2.2.1)
  - NSObject+Rx (~> 2.0)
  - RealmSwift (~> 2.4)
  - RxCocoa (~> 3.2)
  - RxDataSources (~> 1.0.2)
  - RxRealm (~> 0.5.1)
  - RxSwift (~> 3.2)
  - SwiftyJSON
  - Then
  - Unbox

SPEC CHECKSUMS:
  Action: 9a3d372fb15b057cce7d069a5e1ece8da12483d4
  NSObject+Rx: '09277ba78aa12a8e454c82429eb4e31bfb413131'
  Realm: 29222766425b9f831228f81b63f0e38a97a4d700
  RealmSwift: d161a80f96cb91ae88391a7d5a9cf08024a7bc8e
  RxCocoa: d14ef6b6029e1ddc6e966508c09289090de68ff9
  RxDataSources: a021a0e944ba5f7991259829d973afdbfa719c0b
  RxRealm: df024f04e64c3a9723dab63a6ec8621b3db6473f
  RxSwift: 3789a1af753002a14edecdb698a2424624296a9c
  SwiftyJSON: c2842d878f95482ffceec5709abc3d05680c0220
  Then: 8496793c8fcac95482b943909b440724c7d8d82c
  Unbox: c8b2ab69d3337597b4a3f47a0538807dc12db670

PODFILE CHECKSUM: 38bf7e660e8ac7e9fbf71c450e3577123d33801c

COCOAPODS: 1.2.1
